
Microsoft Visual Studio Solution File, Format Version 12.00
# Visual Studio 14
VisualStudioVersion = 14.0.25123.0
MinimumVisualStudioVersion = 10.0.40219.1
Project("{FAE04EC0-301F-11D3-BF4B-00C04F79EFBC}") = "VendingMachineKata", "VendingMachineKata\VendingMachineKata.csproj", "{603B2459-CF0E-4BDF-A98E-77ED1EB11DEE}"
EndProject
Project("{FAE04EC0-301F-11D3-BF4B-00C04F79EFBC}") = "VendingMachineKata.Tests", "VendingMachineKata.Tests\VendingMachineKata.Tests.csproj", "{2A4A1691-7DDF-4E4A-8BC8-261B95DFF19D}"
EndProject
Global
	GlobalSection(SolutionConfigurationPlatforms) = preSolution
		Debug|Any CPU = Debug|Any CPU
		Release|Any CPU = Release|Any CPU
	EndGlobalSection
	GlobalSection(ProjectConfigurationPlatforms) = postSolution
		{603B2459-CF0E-4BDF-A98E-77ED1EB11DEE}.Debug|Any CPU.ActiveCfg = Debug|Any CPU
		{603B2459-CF0E-4BDF-A98E-77ED1EB11DEE}.Debug|Any CPU.Build.0 = Debug|Any CPU
		{603B2459-CF0E-4BDF-A98E-77ED1EB11DEE}.Release|Any CPU.ActiveCfg = Release|Any CPU
		{603B2459-CF0E-4BDF-A98E-77ED1EB11DEE}.Release|Any CPU.Build.0 = Release|Any CPU
		{2A4A1691-7DDF-4E4A-8BC8-261B95DFF19D}.Debug|Any CPU.ActiveCfg = Debug|Any CPU
		{2A4A1691-7DDF-4E4A-8BC8-261B95DFF19D}.Debug|Any CPU.Build.0 = Debug|Any CPU
		{2A4A1691-7DDF-4E4A-8BC8-261B95DFF19D}.Release|Any CPU.ActiveCfg = Release|Any CPU
		{2A4A1691-7DDF-4E4A-8BC8-261B95DFF19D}.Release|Any CPU.Build.0 = Release|Any CPU
	EndGlobalSection
	GlobalSection(SolutionProperties) = preSolution
		HideSolutionNode = FALSE
	EndGlobalSection
EndGlobal
